
Microsoft Visual Studio Solution File, Format Version 12.00
# Visual Studio Version 17
VisualStudioVersion = 17.6.33723.286
MinimumVisualStudioVersion = 10.0.40219.1
Project("{2150E333-8FDC-42A3-9474-1A3956D46DE8}") = "Services", "Services", "{5334DD51-A0F5-420E-9A78-4A2975497654}"
EndProject
Project("{2150E333-8FDC-42A3-9474-1A3956D46DE8}") = "Catalog", "Catalog", "{66A8A100-5C88-4129-8191-C3CB1BA65EDF}"
EndProject
Global
	GlobalSection(SolutionProperties) = preSolution
		HideSolutionNode = FALSE
	EndGlobalSection
	GlobalSection(NestedProjects) = preSolution
		{66A8A100-5C88-4129-8191-C3CB1BA65EDF} = {5334DD51-A0F5-420E-9A78-4A2975497654}
	EndGlobalSection
	GlobalSection(ExtensibilityGlobals) = postSolution
		SolutionGuid = {492B97E6-3AE2-4343-B223-29BAF3FDB95D}
	EndGlobalSection
EndGlobal
